
Microsoft Visual Studio Solution File, Format Version 12.00
# Visual Studio 15
VisualStudioVersion = 15.0.27703.2035
MinimumVisualStudioVersion = 10.0.40219.1
Project("{FAE04EC0-301F-11D3-BF4B-00C04F79EFBC}") = "SocketServerStarter", "SocketServerStarter\SocketServerStarter.csproj", "{68C6A748-64C6-45F8-B04B-5A326D86D97A}"
EndProject
Global
	GlobalSection(SolutionConfigurationPlatforms) = preSolution
		Debug|Any CPU = Debug|Any CPU
		Release|Any CPU = Release|Any CPU
	EndGlobalSection
	GlobalSection(ProjectConfigurationPlatforms) = postSolution
		{68C6A748-64C6-45F8-B04B-5A326D86D97A}.Debug|Any CPU.ActiveCfg = Debug|Any CPU
		{68C6A748-64C6-45F8-B04B-5A326D86D97A}.Debug|Any CPU.Build.0 = Debug|Any CPU
		{68C6A748-64C6-45F8-B04B-5A326D86D97A}.Release|Any CPU.ActiveCfg = Release|Any CPU
		{68C6A748-64C6-45F8-B04B-5A326D86D97A}.Release|Any CPU.Build.0 = Release|Any CPU
	EndGlobalSection
	GlobalSection(SolutionProperties) = preSolution
		HideSolutionNode = FALSE
	EndGlobalSection
	GlobalSection(ExtensibilityGlobals) = postSolution
		SolutionGuid = {EACA7087-84D7-4ED1-9A6C-C3DF23BDA3CE}
	EndGlobalSection
EndGlobal
